
Microsoft Visual Studio Solution File, Format Version 12.00
# Visual Studio Version 17
VisualStudioVersion = 17.5.33414.496
MinimumVisualStudioVersion = 10.0.40219.1
Project("{FAE04EC0-301F-11D3-BF4B-00C04F79EFBC}") = "LinqCommand", "LinqCommand\LinqCommand.csproj", "{2D4F3413-CB5B-4A26-9FD1-32DE5E12AA82}"
EndProject
Global
	GlobalSection(SolutionConfigurationPlatforms) = preSolution
		Debug|Any CPU = Debug|Any CPU
		Release|Any CPU = Release|Any CPU
	EndGlobalSection
	GlobalSection(ProjectConfigurationPlatforms) = postSolution
		{2D4F3413-CB5B-4A26-9FD1-32DE5E12AA82}.Debug|Any CPU.ActiveCfg = Debug|Any CPU
		{2D4F3413-CB5B-4A26-9FD1-32DE5E12AA82}.Debug|Any CPU.Build.0 = Debug|Any CPU
		{2D4F3413-CB5B-4A26-9FD1-32DE5E12AA82}.Release|Any CPU.ActiveCfg = Release|Any CPU
		{2D4F3413-CB5B-4A26-9FD1-32DE5E12AA82}.Release|Any CPU.Build.0 = Release|Any CPU
	EndGlobalSection
	GlobalSection(SolutionProperties) = preSolution
		HideSolutionNode = FALSE
	EndGlobalSection
	GlobalSection(ExtensibilityGlobals) = postSolution
		SolutionGuid = {D3CAFF6F-2CA9-4545-BAD9-61FBA3BB2C60}
	EndGlobalSection
EndGlobal
